
Microsoft Visual Studio Solution File, Format Version 12.00
# Visual Studio Version 17
VisualStudioVersion = 17.4.33110.190
MinimumVisualStudioVersion = 10.0.40219.1
Project("{FAE04EC0-301F-11D3-BF4B-00C04F79EFBC}") = "RobloxExecutorCSharp", "RobloxExecutorCSharp\RobloxExecutorCSharp.csproj", "{148F8CCD-8D35-49C1-9410-F277755F4E9D}"
EndProject
Global
	GlobalSection(SolutionConfigurationPlatforms) = preSolution
		Debug|Any CPU = Debug|Any CPU
		Release|Any CPU = Release|Any CPU
	EndGlobalSection
	GlobalSection(ProjectConfigurationPlatforms) = postSolution
		{148F8CCD-8D35-49C1-9410-F277755F4E9D}.Debug|Any CPU.ActiveCfg = Debug|Any CPU
		{148F8CCD-8D35-49C1-9410-F277755F4E9D}.Debug|Any CPU.Build.0 = Debug|Any CPU
		{148F8CCD-8D35-49C1-9410-F277755F4E9D}.Release|Any CPU.ActiveCfg = Release|Any CPU
		{148F8CCD-8D35-49C1-9410-F277755F4E9D}.Release|Any CPU.Build.0 = Release|Any CPU
	EndGlobalSection
	GlobalSection(SolutionProperties) = preSolution
		HideSolutionNode = FALSE
	EndGlobalSection
	GlobalSection(ExtensibilityGlobals) = postSolution
		SolutionGuid = {DF71A1E2-5791-4FD7-86CE-2C0790D35788}
	EndGlobalSection
EndGlobal
